
Microsoft Visual Studio Solution File, Format Version 12.00
# Visual Studio Version 17
VisualStudioVersion = 17.7.34221.43
MinimumVisualStudioVersion = 10.0.40219.1
Project("{9A19103F-16F7-4668-BE54-9A1E7A4F7556}") = "ConsoleMessageBox", "ConsoleMessageBox\ConsoleMessageBox.csproj", "{22D16F83-C88D-490D-AE36-E7DFEA3F203D}"
EndProject
Project("{9A19103F-16F7-4668-BE54-9A1E7A4F7556}") = "task2", "task2\task2.csproj", "{BB7F3BAD-DB09-4CCC-AEDE-AE4937761A25}"
EndProject
Project("{9A19103F-16F7-4668-BE54-9A1E7A4F7556}") = "task3", "task3\task3.csproj", "{FAC7499E-E184-46FF-BC82-2D48857F954E}"
EndProject
Project("{FAE04EC0-301F-11D3-BF4B-00C04F79EFBC}") = "task4_1", "task4_1\task4_1.csproj", "{3F189D9F-F79B-4A26-B248-1B55FCAAA04C}"
EndProject
Project("{FAE04EC0-301F-11D3-BF4B-00C04F79EFBC}") = "task4_2", "task4_2\task4_2.csproj", "{34D04A00-74B7-46D4-9803-8B1E7983CDC1}"
EndProject
Global
	GlobalSection(SolutionConfigurationPlatforms) = preSolution
		Debug|Any CPU = Debug|Any CPU
		Release|Any CPU = Release|Any CPU
	EndGlobalSection
	GlobalSection(ProjectConfigurationPlatforms) = postSolution
		{22D16F83-C88D-490D-AE36-E7DFEA3F203D}.Debug|Any CPU.ActiveCfg = Debug|Any CPU
		{22D16F83-C88D-490D-AE36-E7DFEA3F203D}.Debug|Any CPU.Build.0 = Debug|Any CPU
		{22D16F83-C88D-490D-AE36-E7DFEA3F203D}.Release|Any CPU.ActiveCfg = Release|Any CPU
		{22D16F83-C88D-490D-AE36-E7DFEA3F203D}.Release|Any CPU.Build.0 = Release|Any CPU
		{BB7F3BAD-DB09-4CCC-AEDE-AE4937761A25}.Debug|Any CPU.ActiveCfg = Debug|Any CPU
		{BB7F3BAD-DB09-4CCC-AEDE-AE4937761A25}.Debug|Any CPU.Build.0 = Debug|Any CPU
		{BB7F3BAD-DB09-4CCC-AEDE-AE4937761A25}.Release|Any CPU.ActiveCfg = Release|Any CPU
		{BB7F3BAD-DB09-4CCC-AEDE-AE4937761A25}.Release|Any CPU.Build.0 = Release|Any CPU
		{FAC7499E-E184-46FF-BC82-2D48857F954E}.Debug|Any CPU.ActiveCfg = Debug|Any CPU
		{FAC7499E-E184-46FF-BC82-2D48857F954E}.Debug|Any CPU.Build.0 = Debug|Any CPU
		{FAC7499E-E184-46FF-BC82-2D48857F954E}.Release|Any CPU.ActiveCfg = Release|Any CPU
		{FAC7499E-E184-46FF-BC82-2D48857F954E}.Release|Any CPU.Build.0 = Release|Any CPU
		{3F189D9F-F79B-4A26-B248-1B55FCAAA04C}.Debug|Any CPU.ActiveCfg = Debug|Any CPU
		{3F189D9F-F79B-4A26-B248-1B55FCAAA04C}.Debug|Any CPU.Build.0 = Debug|Any CPU
		{3F189D9F-F79B-4A26-B248-1B55FCAAA04C}.Release|Any CPU.ActiveCfg = Release|Any CPU
		{3F189D9F-F79B-4A26-B248-1B55FCAAA04C}.Release|Any CPU.Build.0 = Release|Any CPU
		{34D04A00-74B7-46D4-9803-8B1E7983CDC1}.Debug|Any CPU.ActiveCfg = Debug|Any CPU
		{34D04A00-74B7-46D4-9803-8B1E7983CDC1}.Debug|Any CPU.Build.0 = Debug|Any CPU
		{34D04A00-74B7-46D4-9803-8B1E7983CDC1}.Release|Any CPU.ActiveCfg = Release|Any CPU
		{34D04A00-74B7-46D4-9803-8B1E7983CDC1}.Release|Any CPU.Build.0 = Release|Any CPU
	EndGlobalSection
	GlobalSection(SolutionProperties) = preSolution
		HideSolutionNode = FALSE
	EndGlobalSection
	GlobalSection(ExtensibilityGlobals) = postSolution
		SolutionGuid = {6B59F403-02CC-44FE-A61F-875928E02095}
	EndGlobalSection
EndGlobal
