
Microsoft Visual Studio Solution File, Format Version 12.00
# Visual Studio Version 17
VisualStudioVersion = 17.8.34316.72
MinimumVisualStudioVersion = 10.0.40219.1
Project("{9A19103F-16F7-4668-BE54-9A1E7A4F7556}") = "task_1", "task_1\task_1.csproj", "{2C5C7DDE-18A8-4403-9AA2-673140162094}"
EndProject
Project("{9A19103F-16F7-4668-BE54-9A1E7A4F7556}") = "task_2", "task2\task_2.csproj", "{0C6238C6-EBC1-4439-8EC1-B2EA3129800F}"
EndProject
Project("{FAE04EC0-301F-11D3-BF4B-00C04F79EFBC}") = "task_3", "task_3\task_3.csproj", "{80E87B28-E4A4-452E-9509-1AF739E6247B}"
EndProject
Project("{FAE04EC0-301F-11D3-BF4B-00C04F79EFBC}") = "task_4", "task_4\task_4.csproj", "{E7619DF9-28E7-480C-9A39-4E33F0E2419A}"
EndProject
Global
	GlobalSection(SolutionConfigurationPlatforms) = preSolution
		Debug|Any CPU = Debug|Any CPU
		Release|Any CPU = Release|Any CPU
	EndGlobalSection
	GlobalSection(ProjectConfigurationPlatforms) = postSolution
		{2C5C7DDE-18A8-4403-9AA2-673140162094}.Debug|Any CPU.ActiveCfg = Debug|Any CPU
		{2C5C7DDE-18A8-4403-9AA2-673140162094}.Debug|Any CPU.Build.0 = Debug|Any CPU
		{2C5C7DDE-18A8-4403-9AA2-673140162094}.Release|Any CPU.ActiveCfg = Release|Any CPU
		{2C5C7DDE-18A8-4403-9AA2-673140162094}.Release|Any CPU.Build.0 = Release|Any CPU
		{0C6238C6-EBC1-4439-8EC1-B2EA3129800F}.Debug|Any CPU.ActiveCfg = Debug|Any CPU
		{0C6238C6-EBC1-4439-8EC1-B2EA3129800F}.Debug|Any CPU.Build.0 = Debug|Any CPU
		{0C6238C6-EBC1-4439-8EC1-B2EA3129800F}.Release|Any CPU.ActiveCfg = Release|Any CPU
		{0C6238C6-EBC1-4439-8EC1-B2EA3129800F}.Release|Any CPU.Build.0 = Release|Any CPU
		{80E87B28-E4A4-452E-9509-1AF739E6247B}.Debug|Any CPU.ActiveCfg = Debug|Any CPU
		{80E87B28-E4A4-452E-9509-1AF739E6247B}.Debug|Any CPU.Build.0 = Debug|Any CPU
		{80E87B28-E4A4-452E-9509-1AF739E6247B}.Release|Any CPU.ActiveCfg = Release|Any CPU
		{80E87B28-E4A4-452E-9509-1AF739E6247B}.Release|Any CPU.Build.0 = Release|Any CPU
		{E7619DF9-28E7-480C-9A39-4E33F0E2419A}.Debug|Any CPU.ActiveCfg = Debug|Any CPU
		{E7619DF9-28E7-480C-9A39-4E33F0E2419A}.Debug|Any CPU.Build.0 = Debug|Any CPU
		{E7619DF9-28E7-480C-9A39-4E33F0E2419A}.Release|Any CPU.ActiveCfg = Release|Any CPU
		{E7619DF9-28E7-480C-9A39-4E33F0E2419A}.Release|Any CPU.Build.0 = Release|Any CPU
	EndGlobalSection
	GlobalSection(SolutionProperties) = preSolution
		HideSolutionNode = FALSE
	EndGlobalSection
	GlobalSection(ExtensibilityGlobals) = postSolution
		SolutionGuid = {C8B8A883-08BD-4FC4-9FF2-2026CA950E02}
	EndGlobalSection
EndGlobal
