
Microsoft Visual Studio Solution File, Format Version 12.00
# Visual Studio Version 17
VisualStudioVersion = 17.8.34316.72
MinimumVisualStudioVersion = 10.0.40219.1
Project("{9A19103F-16F7-4668-BE54-9A1E7A4F7556}") = "task3", "task3\task3.csproj", "{CFE1F81E-B314-4709-8AEA-3AC49163D79E}"
EndProject
Project("{FAE04EC0-301F-11D3-BF4B-00C04F79EFBC}") = "task4", "task4\task4.csproj", "{5C6E2E4A-1DE5-4807-89A0-D5CD5131B0FD}"
EndProject
Project("{FAE04EC0-301F-11D3-BF4B-00C04F79EFBC}") = "task6", "task6\task6.csproj", "{4D0021A7-8E46-426D-8160-5DEC11A4BD29}"
EndProject
Global
	GlobalSection(SolutionConfigurationPlatforms) = preSolution
		Debug|Any CPU = Debug|Any CPU
		Release|Any CPU = Release|Any CPU
	EndGlobalSection
	GlobalSection(ProjectConfigurationPlatforms) = postSolution
		{CFE1F81E-B314-4709-8AEA-3AC49163D79E}.Debug|Any CPU.ActiveCfg = Debug|Any CPU
		{CFE1F81E-B314-4709-8AEA-3AC49163D79E}.Debug|Any CPU.Build.0 = Debug|Any CPU
		{CFE1F81E-B314-4709-8AEA-3AC49163D79E}.Release|Any CPU.ActiveCfg = Release|Any CPU
		{CFE1F81E-B314-4709-8AEA-3AC49163D79E}.Release|Any CPU.Build.0 = Release|Any CPU
		{5C6E2E4A-1DE5-4807-89A0-D5CD5131B0FD}.Debug|Any CPU.ActiveCfg = Debug|Any CPU
		{5C6E2E4A-1DE5-4807-89A0-D5CD5131B0FD}.Debug|Any CPU.Build.0 = Debug|Any CPU
		{5C6E2E4A-1DE5-4807-89A0-D5CD5131B0FD}.Release|Any CPU.ActiveCfg = Release|Any CPU
		{5C6E2E4A-1DE5-4807-89A0-D5CD5131B0FD}.Release|Any CPU.Build.0 = Release|Any CPU
		{4D0021A7-8E46-426D-8160-5DEC11A4BD29}.Debug|Any CPU.ActiveCfg = Debug|Any CPU
		{4D0021A7-8E46-426D-8160-5DEC11A4BD29}.Debug|Any CPU.Build.0 = Debug|Any CPU
		{4D0021A7-8E46-426D-8160-5DEC11A4BD29}.Release|Any CPU.ActiveCfg = Release|Any CPU
		{4D0021A7-8E46-426D-8160-5DEC11A4BD29}.Release|Any CPU.Build.0 = Release|Any CPU
	EndGlobalSection
	GlobalSection(SolutionProperties) = preSolution
		HideSolutionNode = FALSE
	EndGlobalSection
	GlobalSection(ExtensibilityGlobals) = postSolution
		SolutionGuid = {54C56B61-9D2E-4137-AC18-05719481F530}
	EndGlobalSection
EndGlobal
